{
  "requires": true,
  "lockfileVersion": 1,
  "dependencies": {
    "@angular/cdk": {
      "version": "11.2.5",
      "resolved": "https://registry.npmjs.org/@angular/cdk/-/cdk-11.2.5.tgz",
      "integrity": "sha512-ugalSDLME5E9JlxcRR8RGlOYlaV6rIzxOVQrGRBzY2tdhMT4Ng+BFtCkq1K88AU1sTLHq54xg9Xkfn7b5W2kiA==",
      "requires": {
        "parse5": "^5.0.0",
        "tslib": "^2.0.0"
      }
    },
    "@angular/material": {
      "version": "11.2.5",
      "resolved": "https://registry.npmjs.org/@angular/material/-/material-11.2.5.tgz",
      "integrity": "sha512-zdzAexDl0WQ2NhRXpa6CKzIvenozLcLl0kmAJBSoUYclES9B+t86tPdWW5CKl4zJOHDM2ZnxhzkYGEffS9Qvug==",
      "requires": {
        "tslib": "^2.0.0"
      }
    },
    "parse5": {
      "version": "5.1.1",
      "resolved": "https://registry.npmjs.org/parse5/-/parse5-5.1.1.tgz",
      "integrity": "sha512-ugq4DFI0Ptb+WWjAdOK16+u/nHfiIrcE+sh8kZMaM0WllQKLI9rOUq6c2b7cwPkXdzfQESqvoqK6ug7U/Yyzug=="
    },
    "tslib": {
      "version": "2.1.0",
      "resolved": "https://registry.npmjs.org/tslib/-/tslib-2.1.0.tgz",
      "integrity": "sha512-hcVC3wYEziELGGmEEXue7D75zbwIIVUMWAVbHItGPx0ziyXxrOMQx4rQEVEV45Ut/1IotuEvwqPopzIOkDMf0A=="
    }
  }
}
